
Microsoft Visual Studio Solution File, Format Version 12.00
# Visual Studio Version 17
VisualStudioVersion = 17.13.35913.81 d17.13
MinimumVisualStudioVersion = 10.0.40219.1
Project("{FAE04EC0-301F-11D3-BF4B-00C04F79EFBC}") = "250408_ConsoleProject", "250408_ConsoleProject\250408_ConsoleProject.csproj", "{2A20CBE5-7B05-44E8-AF6F-1C3B567E3CDC}"
EndProject
Global
	GlobalSection(SolutionConfigurationPlatforms) = preSolution
		Debug|Any CPU = Debug|Any CPU
		Release|Any CPU = Release|Any CPU
	EndGlobalSection
	GlobalSection(ProjectConfigurationPlatforms) = postSolution
		{2A20CBE5-7B05-44E8-AF6F-1C3B567E3CDC}.Debug|Any CPU.ActiveCfg = Debug|Any CPU
		{2A20CBE5-7B05-44E8-AF6F-1C3B567E3CDC}.Debug|Any CPU.Build.0 = Debug|Any CPU
		{2A20CBE5-7B05-44E8-AF6F-1C3B567E3CDC}.Release|Any CPU.ActiveCfg = Release|Any CPU
		{2A20CBE5-7B05-44E8-AF6F-1C3B567E3CDC}.Release|Any CPU.Build.0 = Release|Any CPU
	EndGlobalSection
	GlobalSection(SolutionProperties) = preSolution
		HideSolutionNode = FALSE
	EndGlobalSection
	GlobalSection(ExtensibilityGlobals) = postSolution
		SolutionGuid = {159A2592-8AEE-496B-8AB5-520E24816ED2}
	EndGlobalSection
EndGlobal
